
Microsoft Visual Studio Solution File, Format Version 12.00
# Visual Studio 2012
Project("{FAE04EC0-301F-11D3-BF4B-00C04F79EFBC}") = "VSTest2Xml", "VSTest2Xml\VSTest2Xml.csproj", "{DC8DA71C-4021-4B29-9AD4-6ACA3CA9D33E}"
EndProject
Global
	GlobalSection(SolutionConfigurationPlatforms) = preSolution
		Debug|Any CPU = Debug|Any CPU
		Release|Any CPU = Release|Any CPU
	EndGlobalSection
	GlobalSection(ProjectConfigurationPlatforms) = postSolution
		{DC8DA71C-4021-4B29-9AD4-6ACA3CA9D33E}.Debug|Any CPU.ActiveCfg = Debug|Any CPU
		{DC8DA71C-4021-4B29-9AD4-6ACA3CA9D33E}.Debug|Any CPU.Build.0 = Debug|Any CPU
		{DC8DA71C-4021-4B29-9AD4-6ACA3CA9D33E}.Release|Any CPU.ActiveCfg = Release|Any CPU
		{DC8DA71C-4021-4B29-9AD4-6ACA3CA9D33E}.Release|Any CPU.Build.0 = Release|Any CPU
	EndGlobalSection
	GlobalSection(SolutionProperties) = preSolution
		HideSolutionNode = FALSE
	EndGlobalSection
EndGlobal
